// !$*UTF8*$!
{
	archiveVersion = 1;
	classes = {
	};
	objectVersion = 56;
	objects = {

/* Begin PBXBuildFile section */
		55A554B429F6822500930D87 /* BudgetsAppApp.swift in Sources */ = {isa = PBXBuildFile; fileRef = 55A554B329F6822500930D87 /* BudgetsAppApp.swift */; };
		55A554B629F6822500930D87 /* ContentView.swift in Sources */ = {isa = PBXBuildFile; fileRef = 55A554B529F6822500930D87 /* ContentView.swift */; };
		55A554B829F6822500930D87 /* Assets.xcassets in Resources */ = {isa = PBXBuildFile; fileRef = 55A554B729F6822500930D87 /* Assets.xcassets */; };
		55A554BB29F6822500930D87 /* Preview Assets.xcassets in Resources */ = {isa = PBXBuildFile; fileRef = 55A554BA29F6822500930D87 /* Preview Assets.xcassets */; };
		55A554C329F6828900930D87 /* BudgetModel.xcdatamodeld in Sources */ = {isa = PBXBuildFile; fileRef = 55A554C129F6828900930D87 /* BudgetModel.xcdatamodeld */; };
		55A554C629F6892800930D87 /* BudgetCategory+CoreDataClass.swift in Sources */ = {isa = PBXBuildFile; fileRef = 55A554C529F6892800930D87 /* BudgetCategory+CoreDataClass.swift */; };
		55A554C929F68C7400930D87 /* CoreDataManager.swift in Sources */ = {isa = PBXBuildFile; fileRef = 55A554C829F68C7400930D87 /* CoreDataManager.swift */; };
		55A554CC29F6ABF200930D87 /* AddBudgetCategoryView.swift in Sources */ = {isa = PBXBuildFile; fileRef = 55A554CB29F6ABF200930D87 /* AddBudgetCategoryView.swift */; };
		55A554CF29F6AEEA00930D87 /* NumberFormatter+Extensions.swift in Sources */ = {isa = PBXBuildFile; fileRef = 55A554CE29F6AEEA00930D87 /* NumberFormatter+Extensions.swift */; };
		55A554D129F6AF9500930D87 /* Views+Extensions.swift in Sources */ = {isa = PBXBuildFile; fileRef = 55A554D029F6AF9500930D87 /* Views+Extensions.swift */; };
		55A554D329F6BDD800930D87 /* BudgetListView.swift in Sources */ = {isa = PBXBuildFile; fileRef = 55A554D229F6BDD800930D87 /* BudgetListView.swift */; };
		55A554D529F6E8C600930D87 /* Transaction+CoreDataClass.swift in Sources */ = {isa = PBXBuildFile; fileRef = 55A554D429F6E8C600930D87 /* Transaction+CoreDataClass.swift */; };
		55A554D729F6E91B00930D87 /* BudgetDetailView.swift in Sources */ = {isa = PBXBuildFile; fileRef = 55A554D629F6E91B00930D87 /* BudgetDetailView.swift */; };
		55A554D929F70FB400930D87 /* TransactionListView.swift in Sources */ = {isa = PBXBuildFile; fileRef = 55A554D829F70FB400930D87 /* TransactionListView.swift */; };
/* End PBXBuildFile section */

/* Begin PBXFileReference section */
		55A554B029F6822500930D87 /* BudgetsApp.app */ = {isa = PBXFileReference; explicitFileType = wrapper.application; includeInIndex = 0; path = BudgetsApp.app; sourceTree = BUILT_PRODUCTS_DIR; };
		55A554B329F6822500930D87 /* BudgetsAppApp.swift */ = {isa = PBXFileReference; lastKnownFileType = sourcecode.swift; path = BudgetsAppApp.swift; sourceTree = "<group>"; };
		55A554B529F6822500930D87 /* ContentView.swift */ = {isa = PBXFileReference; lastKnownFileType = sourcecode.swift; path = ContentView.swift; sourceTree = "<group>"; };
		55A554B729F6822500930D87 /* Assets.xcassets */ = {isa = PBXFileReference; lastKnownFileType = folder.assetcatalog; path = Assets.xcassets; sourceTree = "<group>"; };
		55A554BA29F6822500930D87 /* Preview Assets.xcassets */ = {isa = PBXFileReference; lastKnownFileType = folder.assetcatalog; path = "Preview Assets.xcassets"; sourceTree = "<group>"; };
		55A554C229F6828900930D87 /* BudgetModel.xcdatamodel */ = {isa = PBXFileReference; lastKnownFileType = wrapper.xcdatamodel; path = BudgetModel.xcdatamodel; sourceTree = "<group>"; };
		55A554C529F6892800930D87 /* BudgetCategory+CoreDataClass.swift */ = {isa = PBXFileReference; lastKnownFileType = sourcecode.swift; path = "BudgetCategory+CoreDataClass.swift"; sourceTree = "<group>"; };
		55A554C829F68C7400930D87 /* CoreDataManager.swift */ = {isa = PBXFileReference; lastKnownFileType = sourcecode.swift; path = CoreDataManager.swift; sourceTree = "<group>"; };
		55A554CB29F6ABF200930D87 /* AddBudgetCategoryView.swift */ = {isa = PBXFileReference; lastKnownFileType = sourcecode.swift; path = AddBudgetCategoryView.swift; sourceTree = "<group>"; };
		55A554CE29F6AEEA00930D87 /* NumberFormatter+Extensions.swift */ = {isa = PBXFileReference; lastKnownFileType = sourcecode.swift; path = "NumberFormatter+Extensions.swift"; sourceTree = "<group>"; };
		55A554D029F6AF9500930D87 /* Views+Extensions.swift */ = {isa = PBXFileReference; lastKnownFileType = sourcecode.swift; path = "Views+Extensions.swift"; sourceTree = "<group>"; };
		55A554D229F6BDD800930D87 /* BudgetListView.swift */ = {isa = PBXFileReference; lastKnownFileType = sourcecode.swift; path = BudgetListView.swift; sourceTree = "<group>"; };
		55A554D429F6E8C600930D87 /* Transaction+CoreDataClass.swift */ = {isa = PBXFileReference; lastKnownFileType = sourcecode.swift; path = "Transaction+CoreDataClass.swift"; sourceTree = "<group>"; };
		55A554D629F6E91B00930D87 /* BudgetDetailView.swift */ = {isa = PBXFileReference; lastKnownFileType = sourcecode.swift; path = BudgetDetailView.swift; sourceTree = "<group>"; };
		55A554D829F70FB400930D87 /* TransactionListView.swift */ = {isa = PBXFileReference; lastKnownFileType = sourcecode.swift; path = TransactionListView.swift; sourceTree = "<group>"; };
/* End PBXFileReference section */

/* Begin PBXFrameworksBuildPhase section */
		55A554AD29F6822500930D87 /* Frameworks */ = {
			isa = PBXFrameworksBuildPhase;
			buildActionMask = 2147483647;
			files = (
			);
			runOnlyForDeploymentPostprocessing = 0;
		};
/* End PBXFrameworksBuildPhase section */

/* Begin PBXGroup section */
		55A554A729F6822400930D87 = {
			isa = PBXGroup;
			children = (
				55A554B229F6822500930D87 /* BudgetsApp */,
				55A554B129F6822500930D87 /* Products */,
			);
			sourceTree = "<group>";
		};
		55A554B129F6822500930D87 /* Products */ = {
			isa = PBXGroup;
			children = (
				55A554B029F6822500930D87 /* BudgetsApp.app */,
			);
			name = Products;
			sourceTree = "<group>";
		};
		55A554B229F6822500930D87 /* BudgetsApp */ = {
			isa = PBXGroup;
			children = (
				55A554CD29F6AED300930D87 /* Extensions */,
				55A554CA29F6ABDE00930D87 /* Views */,
				55A554C729F68C6500930D87 /* Managers */,
				55A554C429F6891300930D87 /* Models */,
				55A554B329F6822500930D87 /* BudgetsAppApp.swift */,
				55A554B529F6822500930D87 /* ContentView.swift */,
				55A554B729F6822500930D87 /* Assets.xcassets */,
				55A554B929F6822500930D87 /* Preview Content */,
				55A554C129F6828900930D87 /* BudgetModel.xcdatamodeld */,
			);
			path = BudgetsApp;
			sourceTree = "<group>";
		};
		55A554B929F6822500930D87 /* Preview Content */ = {
			isa = PBXGroup;
			children = (
				55A554BA29F6822500930D87 /* Preview Assets.xcassets */,
			);
			path = "Preview Content";
			sourceTree = "<group>";
		};
		55A554C429F6891300930D87 /* Models */ = {
			isa = PBXGroup;
			children = (
				55A554C529F6892800930D87 /* BudgetCategory+CoreDataClass.swift */,
				55A554D429F6E8C600930D87 /* Transaction+CoreDataClass.swift */,
			);
			path = Models;
			sourceTree = "<group>";
		};
		55A554C729F68C6500930D87 /* Managers */ = {
			isa = PBXGroup;
			children = (
				55A554C829F68C7400930D87 /* CoreDataManager.swift */,
			);
			path = Managers;
			sourceTree = "<group>";
		};
		55A554CA29F6ABDE00930D87 /* Views */ = {
			isa = PBXGroup;
			children = (
				55A554CB29F6ABF200930D87 /* AddBudgetCategoryView.swift */,
				55A554D229F6BDD800930D87 /* BudgetListView.swift */,
				55A554D629F6E91B00930D87 /* BudgetDetailView.swift */,
				55A554D829F70FB400930D87 /* TransactionListView.swift */,
			);
			path = Views;
			sourceTree = "<group>";
		};
		55A554CD29F6AED300930D87 /* Extensions */ = {
			isa = PBXGroup;
			children = (
				55A554CE29F6AEEA00930D87 /* NumberFormatter+Extensions.swift */,
				55A554D029F6AF9500930D87 /* Views+Extensions.swift */,
			);
			path = Extensions;
			sourceTree = "<group>";
		};
/* End PBXGroup section */

/* Begin PBXNativeTarget section */
		55A554AF29F6822500930D87 /* BudgetsApp */ = {
			isa = PBXNativeTarget;
			buildConfigurationList = 55A554BE29F6822500930D87 /* Build configuration list for PBXNativeTarget "BudgetsApp" */;
			buildPhases = (
				55A554AC29F6822500930D87 /* Sources */,
				55A554AD29F6822500930D87 /* Frameworks */,
				55A554AE29F6822500930D87 /* Resources */,
			);
			buildRules = (
			);
			dependencies = (
			);
			name = BudgetsApp;
			productName = BudgetsApp;
			productReference = 55A554B029F6822500930D87 /* BudgetsApp.app */;
			productType = "com.apple.product-type.application";
		};
/* End PBXNativeTarget section */

/* Begin PBXProject section */
		55A554A829F6822400930D87 /* Project object */ = {
			isa = PBXProject;
			attributes = {
				BuildIndependentTargetsInParallel = 1;
				LastSwiftUpdateCheck = 1420;
				LastUpgradeCheck = 1420;
				TargetAttributes = {
					55A554AF29F6822500930D87 = {
						CreatedOnToolsVersion = 14.2;
					};
				};
			};
			buildConfigurationList = 55A554AB29F6822400930D87 /* Build configuration list for PBXProject "BudgetsApp" */;
			compatibilityVersion = "Xcode 14.0";
			developmentRegion = en;
			hasScannedForEncodings = 0;
			knownRegions = (
				en,
				Base,
			);
			mainGroup = 55A554A729F6822400930D87;
			productRefGroup = 55A554B129F6822500930D87 /* Products */;
			projectDirPath = "";
			projectRoot = "";
			targets = (
				55A554AF29F6822500930D87 /* BudgetsApp */,
			);
		};
/* End PBXProject section */

/* Begin PBXResourcesBuildPhase section */
		55A554AE29F6822500930D87 /* Resources */ = {
			isa = PBXResourcesBuildPhase;
			buildActionMask = 2147483647;
			files = (
				55A554BB29F6822500930D87 /* Preview Assets.xcassets in Resources */,
				55A554B829F6822500930D87 /* Assets.xcassets in Resources */,
			);
			runOnlyForDeploymentPostprocessing = 0;
		};
/* End PBXResourcesBuildPhase section */

/* Begin PBXSourcesBuildPhase section */
		55A554AC29F6822500930D87 /* Sources */ = {
			isa = PBXSourcesBuildPhase;
			buildActionMask = 2147483647;
			files = (
				55A554D729F6E91B00930D87 /* BudgetDetailView.swift in Sources */,
				55A554B629F6822500930D87 /* ContentView.swift in Sources */,
				55A554B429F6822500930D87 /* BudgetsAppApp.swift in Sources */,
				55A554D129F6AF9500930D87 /* Views+Extensions.swift in Sources */,
				55A554CF29F6AEEA00930D87 /* NumberFormatter+Extensions.swift in Sources */,
				55A554D929F70FB400930D87 /* TransactionListView.swift in Sources */,
				55A554C629F6892800930D87 /* BudgetCategory+CoreDataClass.swift in Sources */,
				55A554CC29F6ABF200930D87 /* AddBudgetCategoryView.swift in Sources */,
				55A554D529F6E8C600930D87 /* Transaction+CoreDataClass.swift in Sources */,
				55A554C929F68C7400930D87 /* CoreDataManager.swift in Sources */,
				55A554C329F6828900930D87 /* BudgetModel.xcdatamodeld in Sources */,
				55A554D329F6BDD800930D87 /* BudgetListView.swift in Sources */,
			);
			runOnlyForDeploymentPostprocessing = 0;
		};
/* End PBXSourcesBuildPhase section */

/* Begin XCBuildConfiguration section */
		55A554BC29F6822500930D87 /* Debug */ = {
			isa = XCBuildConfiguration;
			buildSettings = {
				ALWAYS_SEARCH_USER_PATHS = NO;
				CLANG_ANALYZER_NONNULL = YES;
				CLANG_ANALYZER_NUMBER_OBJECT_CONVERSION = YES_AGGRESSIVE;
				CLANG_CXX_LANGUAGE_STANDARD = "gnu++20";
				CLANG_ENABLE_MODULES = YES;
				CLANG_ENABLE_OBJC_ARC = YES;
				CLANG_ENABLE_OBJC_WEAK = YES;
				CLANG_WARN_BLOCK_CAPTURE_AUTORELEASING = YES;
				CLANG_WARN_BOOL_CONVERSION = YES;
				CLANG_WARN_COMMA = YES;
				CLANG_WARN_CONSTANT_CONVERSION = YES;
				CLANG_WARN_DEPRECATED_OBJC_IMPLEMENTATIONS = YES;
				CLANG_WARN_DIRECT_OBJC_ISA_USAGE = YES_ERROR;
				CLANG_WARN_DOCUMENTATION_COMMENTS = YES;
				CLANG_WARN_EMPTY_BODY = YES;
				CLANG_WARN_ENUM_CONVERSION = YES;
				CLANG_WARN_INFINITE_RECURSION = YES;
				CLANG_WARN_INT_CONVERSION = YES;
				CLANG_WARN_NON_LITERAL_NULL_CONVERSION = YES;
				CLANG_WARN_OBJC_IMPLICIT_RETAIN_SELF = YES;
				CLANG_WARN_OBJC_LITERAL_CONVERSION = YES;
				CLANG_WARN_OBJC_ROOT_CLASS = YES_ERROR;
				CLANG_WARN_QUOTED_INCLUDE_IN_FRAMEWORK_HEADER = YES;
				CLANG_WARN_RANGE_LOOP_ANALYSIS = YES;
				CLANG_WARN_STRICT_PROTOTYPES = YES;
				CLANG_WARN_SUSPICIOUS_MOVE = YES;
				CLANG_WARN_UNGUARDED_AVAILABILITY = YES_AGGRESSIVE;
				CLANG_WARN_UNREACHABLE_CODE = YES;
				CLANG_WARN__DUPLICATE_METHOD_MATCH = YES;
				COPY_PHASE_STRIP = NO;
				DEBUG_INFORMATION_FORMAT = dwarf;
				ENABLE_STRICT_OBJC_MSGSEND = YES;
				ENABLE_TESTABILITY = YES;
				GCC_C_LANGUAGE_STANDARD = gnu11;
				GCC_DYNAMIC_NO_PIC = NO;
				GCC_NO_COMMON_BLOCKS = YES;
				GCC_OPTIMIZATION_LEVEL = 0;
				GCC_PREPROCESSOR_DEFINITIONS = (
					"DEBUG=1",
					"$(inherited)",
				);
				GCC_WARN_64_TO_32_BIT_CONVERSION = YES;
				GCC_WARN_ABOUT_RETURN_TYPE = YES_ERROR;
				GCC_WARN_UNDECLARED_SELECTOR = YES;
				GCC_WARN_UNINITIALIZED_AUTOS = YES_AGGRESSIVE;
				GCC_WARN_UNUSED_FUNCTION = YES;
				GCC_WARN_UNUSED_VARIABLE = YES;
				IPHONEOS_DEPLOYMENT_TARGET = 16.2;
				MTL_ENABLE_DEBUG_INFO = INCLUDE_SOURCE;
				MTL_FAST_MATH = YES;
				ONLY_ACTIVE_ARCH = YES;
				SDKROOT = iphoneos;
				SWIFT_ACTIVE_COMPILATION_CONDITIONS = DEBUG;
				SWIFT_OPTIMIZATION_LEVEL = "-Onone";
			};
			name = Debug;
		};
		55A554BD29F6822500930D87 /* Release */ = {
			isa = XCBuildConfiguration;
			buildSettings = {
				ALWAYS_SEARCH_USER_PATHS = NO;
				CLANG_ANALYZER_NONNULL = YES;
				CLANG_ANALYZER_NUMBER_OBJECT_CONVERSION = YES_AGGRESSIVE;
				CLANG_CXX_LANGUAGE_STANDARD = "gnu++20";
				CLANG_ENABLE_MODULES = YES;
				CLANG_ENABLE_OBJC_ARC = YES;
				CLANG_ENABLE_OBJC_WEAK = YES;
				CLANG_WARN_BLOCK_CAPTURE_AUTORELEASING = YES;
				CLANG_WARN_BOOL_CONVERSION = YES;
				CLANG_WARN_COMMA = YES;
				CLANG_WARN_CONSTANT_CONVERSION = YES;
				CLANG_WARN_DEPRECATED_OBJC_IMPLEMENTATIONS = YES;
				CLANG_WARN_DIRECT_OBJC_ISA_USAGE = YES_ERROR;
				CLANG_WARN_DOCUMENTATION_COMMENTS = YES;
				CLANG_WARN_EMPTY_BODY = YES;
				CLANG_WARN_ENUM_CONVERSION = YES;
				CLANG_WARN_INFINITE_RECURSION = YES;
				CLANG_WARN_INT_CONVERSION = YES;
				CLANG_WARN_NON_LITERAL_NULL_CONVERSION = YES;
				CLANG_WARN_OBJC_IMPLICIT_RETAIN_SELF = YES;
				CLANG_WARN_OBJC_LITERAL_CONVERSION = YES;
				CLANG_WARN_OBJC_ROOT_CLASS = YES_ERROR;
				CLANG_WARN_QUOTED_INCLUDE_IN_FRAMEWORK_HEADER = YES;
				CLANG_WARN_RANGE_LOOP_ANALYSIS = YES;
				CLANG_WARN_STRICT_PROTOTYPES = YES;
				CLANG_WARN_SUSPICIOUS_MOVE = YES;
				CLANG_WARN_UNGUARDED_AVAILABILITY = YES_AGGRESSIVE;
				CLANG_WARN_UNREACHABLE_CODE = YES;
				CLANG_WARN__DUPLICATE_METHOD_MATCH = YES;
				COPY_PHASE_STRIP = NO;
				DEBUG_INFORMATION_FORMAT = "dwarf-with-dsym";
				ENABLE_NS_ASSERTIONS = NO;
				ENABLE_STRICT_OBJC_MSGSEND = YES;
				GCC_C_LANGUAGE_STANDARD = gnu11;
				GCC_NO_COMMON_BLOCKS = YES;
				GCC_WARN_64_TO_32_BIT_CONVERSION = YES;
				GCC_WARN_ABOUT_RETURN_TYPE = YES_ERROR;
				GCC_WARN_UNDECLARED_SELECTOR = YES;
				GCC_WARN_UNINITIALIZED_AUTOS = YES_AGGRESSIVE;
				GCC_WARN_UNUSED_FUNCTION = YES;
				GCC_WARN_UNUSED_VARIABLE = YES;
				IPHONEOS_DEPLOYMENT_TARGET = 16.2;
				MTL_ENABLE_DEBUG_INFO = NO;
				MTL_FAST_MATH = YES;
				SDKROOT = iphoneos;
				SWIFT_COMPILATION_MODE = wholemodule;
				SWIFT_OPTIMIZATION_LEVEL = "-O";
				VALIDATE_PRODUCT = YES;
			};
			name = Release;
		};
		55A554BF29F6822500930D87 /* Debug */ = {
			isa = XCBuildConfiguration;
			buildSettings = {
				ASSETCATALOG_COMPILER_APPICON_NAME = AppIcon;
				ASSETCATALOG_COMPILER_GLOBAL_ACCENT_COLOR_NAME = AccentColor;
				CODE_SIGN_STYLE = Automatic;
				CURRENT_PROJECT_VERSION = 1;
				DEVELOPMENT_ASSET_PATHS = "\"BudgetsApp/Preview Content\"";
				DEVELOPMENT_TEAM = 3W6S8FM5ZF;
				ENABLE_PREVIEWS = YES;
				GENERATE_INFOPLIST_FILE = YES;
				INFOPLIST_KEY_UIApplicationSceneManifest_Generation = YES;
				INFOPLIST_KEY_UIApplicationSupportsIndirectInputEvents = YES;
				INFOPLIST_KEY_UILaunchScreen_Generation = YES;
				INFOPLIST_KEY_UISupportedInterfaceOrientations_iPad = "UIInterfaceOrientationPortrait UIInterfaceOrientationPortraitUpsideDown UIInterfaceOrientationLandscapeLeft UIInterfaceOrientationLandscapeRight";
				INFOPLIST_KEY_UISupportedInterfaceOrientations_iPhone = "UIInterfaceOrientationPortrait UIInterfaceOrientationLandscapeLeft UIInterfaceOrientationLandscapeRight";
				LD_RUNPATH_SEARCH_PATHS = (
					"$(inherited)",
					"@executable_path/Frameworks",
				);
				MARKETING_VERSION = 1.0;
				PRODUCT_BUNDLE_IDENTIFIER = com.iniongungroup.BudgetsApp;
				PRODUCT_NAME = "$(TARGET_NAME)";
				SWIFT_EMIT_LOC_STRINGS = YES;
				SWIFT_VERSION = 5.0;
				TARGETED_DEVICE_FAMILY = "1,2";
			};
			name = Debug;
		};
		55A554C029F6822500930D87 /* Release */ = {
			isa = XCBuildConfiguration;
			buildSettings = {
				ASSETCATALOG_COMPILER_APPICON_NAME = AppIcon;
				ASSETCATALOG_COMPILER_GLOBAL_ACCENT_COLOR_NAME = AccentColor;
				CODE_SIGN_STYLE = Automatic;
				CURRENT_PROJECT_VERSION = 1;
				DEVELOPMENT_ASSET_PATHS = "\"BudgetsApp/Preview Content\"";
				DEVELOPMENT_TEAM = 3W6S8FM5ZF;
				ENABLE_PREVIEWS = YES;
				GENERATE_INFOPLIST_FILE = YES;
				INFOPLIST_KEY_UIApplicationSceneManifest_Generation = YES;
				INFOPLIST_KEY_UIApplicationSupportsIndirectInputEvents = YES;
				INFOPLIST_KEY_UILaunchScreen_Generation = YES;
				INFOPLIST_KEY_UISupportedInterfaceOrientations_iPad = "UIInterfaceOrientationPortrait UIInterfaceOrientationPortraitUpsideDown UIInterfaceOrientationLandscapeLeft UIInterfaceOrientationLandscapeRight";
				INFOPLIST_KEY_UISupportedInterfaceOrientations_iPhone = "UIInterfaceOrientationPortrait UIInterfaceOrientationLandscapeLeft UIInterfaceOrientationLandscapeRight";
				LD_RUNPATH_SEARCH_PATHS = (
					"$(inherited)",
					"@executable_path/Frameworks",
				);
				MARKETING_VERSION = 1.0;
				PRODUCT_BUNDLE_IDENTIFIER = com.iniongungroup.BudgetsApp;
				PRODUCT_NAME = "$(TARGET_NAME)";
				SWIFT_EMIT_LOC_STRINGS = YES;
				SWIFT_VERSION = 5.0;
				TARGETED_DEVICE_FAMILY = "1,2";
			};
			name = Release;
		};
/* End XCBuildConfiguration section */

/* Begin XCConfigurationList section */
		55A554AB29F6822400930D87 /* Build configuration list for PBXProject "BudgetsApp" */ = {
			isa = XCConfigurationList;
			buildConfigurations = (
				55A554BC29F6822500930D87 /* Debug */,
				55A554BD29F6822500930D87 /* Release */,
			);
			defaultConfigurationIsVisible = 0;
			defaultConfigurationName = Release;
		};
		55A554BE29F6822500930D87 /* Build configuration list for PBXNativeTarget "BudgetsApp" */ = {
			isa = XCConfigurationList;
			buildConfigurations = (
				55A554BF29F6822500930D87 /* Debug */,
				55A554C029F6822500930D87 /* Release */,
			);
			defaultConfigurationIsVisible = 0;
			defaultConfigurationName = Release;
		};
/* End XCConfigurationList section */

/* Begin XCVersionGroup section */
		55A554C129F6828900930D87 /* BudgetModel.xcdatamodeld */ = {
			isa = XCVersionGroup;
			children = (
				55A554C229F6828900930D87 /* BudgetModel.xcdatamodel */,
			);
			currentVersion = 55A554C229F6828900930D87 /* BudgetModel.xcdatamodel */;
			path = BudgetModel.xcdatamodeld;
			sourceTree = "<group>";
			versionGroupType = wrapper.xcdatamodel;
		};
/* End XCVersionGroup section */
	};
	rootObject = 55A554A829F6822400930D87 /* Project object */;
}
